
Microsoft Visual Studio Solution File, Format Version 12.00
# Visual Studio Version 17
VisualStudioVersion = 17.6.33815.320
MinimumVisualStudioVersion = 10.0.40219.1
Project("{9A19103F-16F7-4668-BE54-9A1E7A4F7556}") = "HarvestHub.Bootstraper", "HarvestHub.Bootstraper\HarvestHub.Bootstraper.csproj", "{21D7CB85-9B60-4BFC-B825-A9760AA0B44C}"
EndProject
Project("{2150E333-8FDC-42A3-9474-1A3956D46DE8}") = "Bootstraper", "Bootstraper", "{179AC572-9B6E-414B-ABEA-90E1E72FBB24}"
EndProject
Project("{2150E333-8FDC-42A3-9474-1A3956D46DE8}") = "Shared", "Shared", "{0700447D-8447-4D14-B905-6DE99604B447}"
EndProject
Project("{9A19103F-16F7-4668-BE54-9A1E7A4F7556}") = "HarvestHub.Shared", "HarvestHub.Shared\HarvestHub.Shared.csproj", "{F9F4F888-84AE-4D6E-B7D4-D05291B79782}"
EndProject
Project("{2150E333-8FDC-42A3-9474-1A3956D46DE8}") = "Modules", "Modules", "{7DA7AC88-B3D1-456B-A587-66F83A3701D3}"
EndProject
Project("{2150E333-8FDC-42A3-9474-1A3956D46DE8}") = "Users", "Users", "{154D3905-558D-49A0-A3F9-469FF4CBD0F1}"
EndProject
Project("{9A19103F-16F7-4668-BE54-9A1E7A4F7556}") = "HarvestHub.Modules.Users.Api", "HarvestHub.Modules.Users.Api\HarvestHub.Modules.Users.Api.csproj", "{30A807C2-681D-40F9-842A-263E5E813BE5}"
EndProject
Project("{9A19103F-16F7-4668-BE54-9A1E7A4F7556}") = "HarvestHub.Modules.Users.Core", "HarvestHub.Modules.Users.Core\HarvestHub.Modules.Users.Core.csproj", "{471F4E3A-8A7A-4D53-B2A4-570822FDACEE}"
EndProject
Project("{9A19103F-16F7-4668-BE54-9A1E7A4F7556}") = "HarvestHub.Modules.Users.Shared", "HarvestHub.Modules.Users.Shared\HarvestHub.Modules.Users.Shared.csproj", "{C53DC029-44ED-42E3-9906-38AB43C6C429}"
EndProject
Project("{9A19103F-16F7-4668-BE54-9A1E7A4F7556}") = "HarvestHub.Modules.Users.Dal", "HarvestHub.Modules.Users.Dal\HarvestHub.Modules.Users.Dal.csproj", "{C42F2E76-EA44-44DE-A10D-A4443FC837B9}"
EndProject
Project("{2150E333-8FDC-42A3-9474-1A3956D46DE8}") = "Notifications", "Notifications", "{2711239A-11C5-4C30-B60F-BF8369C02F70}"
EndProject
Project("{9A19103F-16F7-4668-BE54-9A1E7A4F7556}") = "HarvestHub.Modules.Notifications.Api", "HarvestHub.Modules.Notifications.Api\HarvestHub.Modules.Notifications.Api.csproj", "{581F6390-2E3A-4749-A8E6-2E85B6901D47}"
EndProject
Project("{9A19103F-16F7-4668-BE54-9A1E7A4F7556}") = "HarvestHub.Modules.Notifications.Shared", "HarvestHub.Modules.Notifications.Shared\HarvestHub.Modules.Notifications.Shared.csproj", "{FA12699A-266E-4214-8EC2-7A5FDAFB55E3}"
EndProject
Project("{2150E333-8FDC-42A3-9474-1A3956D46DE8}") = "Fields", "Fields", "{42D67394-48B4-4E3D-8F10-F4A42915106C}"
EndProject
Project("{9A19103F-16F7-4668-BE54-9A1E7A4F7556}") = "HarvestHub.Modules.Fields.Api", "HarvestHub.Modules.Fields.Api\HarvestHub.Modules.Fields.Api.csproj", "{29EE788A-7C5B-45E0-B556-F4C929EEF70D}"
EndProject
Project("{9A19103F-16F7-4668-BE54-9A1E7A4F7556}") = "HarvestHub.Modules.Fields.Application", "HarvestHub.Modules.Fields.Application\HarvestHub.Modules.Fields.Application.csproj", "{EB50B9BA-6EC2-4610-A7F9-2E20C4D9F34E}"
EndProject
Project("{9A19103F-16F7-4668-BE54-9A1E7A4F7556}") = "HarvestHub.Modules.Fields.Core", "HarvestHub.Modules.Fields.Core\HarvestHub.Modules.Fields.Core.csproj", "{E572BB72-B2B6-43D2-ADCB-3235ED9C12C9}"
EndProject
Project("{9A19103F-16F7-4668-BE54-9A1E7A4F7556}") = "HarvestHub.Modules.Fields.Infrastructure", "HarvestHub.Modules.Fields.Infrastructure\HarvestHub.Modules.Fields.Infrastructure.csproj", "{8F66955C-0FBF-42FF-8297-FDDA39E1544F}"
EndProject
Project("{9A19103F-16F7-4668-BE54-9A1E7A4F7556}") = "HarvestHub.Modules.Fields.Shared", "HarvestHub.Modules.Fields.Shared\HarvestHub.Modules.Fields.Shared.csproj", "{A9D401A8-DD6C-42DF-B12D-C380B3098B88}"
EndProject
Project("{2150E333-8FDC-42A3-9474-1A3956D46DE8}") = "Weather", "Weather", "{AD6362B3-A542-4203-A3BC-F706D6D689AF}"
EndProject
Project("{FAE04EC0-301F-11D3-BF4B-00C04F79EFBC}") = "HarvestHub.Modules.Weather.Api", "HarvestHub.Modules.Weather.Api\HarvestHub.Modules.Weather.Api.csproj", "{08B55605-E2AD-43B6-A5ED-4E7A36DF8558}"
EndProject
Project("{FAE04EC0-301F-11D3-BF4B-00C04F79EFBC}") = "HarvestHub.Modules.Weather.Shared", "HarvestHub.Modules.Weather.Shared\HarvestHub.Modules.Weather.Shared.csproj", "{449E81E4-CF3B-43DE-9B52-807F81DEAFB7}"
EndProject
Global
	GlobalSection(SolutionConfigurationPlatforms) = preSolution
		Debug|Any CPU = Debug|Any CPU
		Release|Any CPU = Release|Any CPU
	EndGlobalSection
	GlobalSection(ProjectConfigurationPlatforms) = postSolution
		{21D7CB85-9B60-4BFC-B825-A9760AA0B44C}.Debug|Any CPU.ActiveCfg = Debug|Any CPU
		{21D7CB85-9B60-4BFC-B825-A9760AA0B44C}.Debug|Any CPU.Build.0 = Debug|Any CPU
		{21D7CB85-9B60-4BFC-B825-A9760AA0B44C}.Release|Any CPU.ActiveCfg = Release|Any CPU
		{21D7CB85-9B60-4BFC-B825-A9760AA0B44C}.Release|Any CPU.Build.0 = Release|Any CPU
		{F9F4F888-84AE-4D6E-B7D4-D05291B79782}.Debug|Any CPU.ActiveCfg = Debug|Any CPU
		{F9F4F888-84AE-4D6E-B7D4-D05291B79782}.Debug|Any CPU.Build.0 = Debug|Any CPU
		{F9F4F888-84AE-4D6E-B7D4-D05291B79782}.Release|Any CPU.ActiveCfg = Release|Any CPU
		{F9F4F888-84AE-4D6E-B7D4-D05291B79782}.Release|Any CPU.Build.0 = Release|Any CPU
		{30A807C2-681D-40F9-842A-263E5E813BE5}.Debug|Any CPU.ActiveCfg = Debug|Any CPU
		{30A807C2-681D-40F9-842A-263E5E813BE5}.Debug|Any CPU.Build.0 = Debug|Any CPU
		{30A807C2-681D-40F9-842A-263E5E813BE5}.Release|Any CPU.ActiveCfg = Release|Any CPU
		{30A807C2-681D-40F9-842A-263E5E813BE5}.Release|Any CPU.Build.0 = Release|Any CPU
		{471F4E3A-8A7A-4D53-B2A4-570822FDACEE}.Debug|Any CPU.ActiveCfg = Debug|Any CPU
		{471F4E3A-8A7A-4D53-B2A4-570822FDACEE}.Debug|Any CPU.Build.0 = Debug|Any CPU
		{471F4E3A-8A7A-4D53-B2A4-570822FDACEE}.Release|Any CPU.ActiveCfg = Release|Any CPU
		{471F4E3A-8A7A-4D53-B2A4-570822FDACEE}.Release|Any CPU.Build.0 = Release|Any CPU
		{C53DC029-44ED-42E3-9906-38AB43C6C429}.Debug|Any CPU.ActiveCfg = Debug|Any CPU
		{C53DC029-44ED-42E3-9906-38AB43C6C429}.Debug|Any CPU.Build.0 = Debug|Any CPU
		{C53DC029-44ED-42E3-9906-38AB43C6C429}.Release|Any CPU.ActiveCfg = Release|Any CPU
		{C53DC029-44ED-42E3-9906-38AB43C6C429}.Release|Any CPU.Build.0 = Release|Any CPU
		{C42F2E76-EA44-44DE-A10D-A4443FC837B9}.Debug|Any CPU.ActiveCfg = Debug|Any CPU
		{C42F2E76-EA44-44DE-A10D-A4443FC837B9}.Debug|Any CPU.Build.0 = Debug|Any CPU
		{C42F2E76-EA44-44DE-A10D-A4443FC837B9}.Release|Any CPU.ActiveCfg = Release|Any CPU
		{C42F2E76-EA44-44DE-A10D-A4443FC837B9}.Release|Any CPU.Build.0 = Release|Any CPU
		{581F6390-2E3A-4749-A8E6-2E85B6901D47}.Debug|Any CPU.ActiveCfg = Debug|Any CPU
		{581F6390-2E3A-4749-A8E6-2E85B6901D47}.Debug|Any CPU.Build.0 = Debug|Any CPU
		{581F6390-2E3A-4749-A8E6-2E85B6901D47}.Release|Any CPU.ActiveCfg = Release|Any CPU
		{581F6390-2E3A-4749-A8E6-2E85B6901D47}.Release|Any CPU.Build.0 = Release|Any CPU
		{FA12699A-266E-4214-8EC2-7A5FDAFB55E3}.Debug|Any CPU.ActiveCfg = Debug|Any CPU
		{FA12699A-266E-4214-8EC2-7A5FDAFB55E3}.Debug|Any CPU.Build.0 = Debug|Any CPU
		{FA12699A-266E-4214-8EC2-7A5FDAFB55E3}.Release|Any CPU.ActiveCfg = Release|Any CPU
		{FA12699A-266E-4214-8EC2-7A5FDAFB55E3}.Release|Any CPU.Build.0 = Release|Any CPU
		{29EE788A-7C5B-45E0-B556-F4C929EEF70D}.Debug|Any CPU.ActiveCfg = Debug|Any CPU
		{29EE788A-7C5B-45E0-B556-F4C929EEF70D}.Debug|Any CPU.Build.0 = Debug|Any CPU
		{29EE788A-7C5B-45E0-B556-F4C929EEF70D}.Release|Any CPU.ActiveCfg = Release|Any CPU
		{29EE788A-7C5B-45E0-B556-F4C929EEF70D}.Release|Any CPU.Build.0 = Release|Any CPU
		{EB50B9BA-6EC2-4610-A7F9-2E20C4D9F34E}.Debug|Any CPU.ActiveCfg = Debug|Any CPU
		{EB50B9BA-6EC2-4610-A7F9-2E20C4D9F34E}.Debug|Any CPU.Build.0 = Debug|Any CPU
		{EB50B9BA-6EC2-4610-A7F9-2E20C4D9F34E}.Release|Any CPU.ActiveCfg = Release|Any CPU
		{EB50B9BA-6EC2-4610-A7F9-2E20C4D9F34E}.Release|Any CPU.Build.0 = Release|Any CPU
		{E572BB72-B2B6-43D2-ADCB-3235ED9C12C9}.Debug|Any CPU.ActiveCfg = Debug|Any CPU
		{E572BB72-B2B6-43D2-ADCB-3235ED9C12C9}.Debug|Any CPU.Build.0 = Debug|Any CPU
		{E572BB72-B2B6-43D2-ADCB-3235ED9C12C9}.Release|Any CPU.ActiveCfg = Release|Any CPU
		{E572BB72-B2B6-43D2-ADCB-3235ED9C12C9}.Release|Any CPU.Build.0 = Release|Any CPU
		{8F66955C-0FBF-42FF-8297-FDDA39E1544F}.Debug|Any CPU.ActiveCfg = Debug|Any CPU
		{8F66955C-0FBF-42FF-8297-FDDA39E1544F}.Debug|Any CPU.Build.0 = Debug|Any CPU
		{8F66955C-0FBF-42FF-8297-FDDA39E1544F}.Release|Any CPU.ActiveCfg = Release|Any CPU
		{8F66955C-0FBF-42FF-8297-FDDA39E1544F}.Release|Any CPU.Build.0 = Release|Any CPU
		{A9D401A8-DD6C-42DF-B12D-C380B3098B88}.Debug|Any CPU.ActiveCfg = Debug|Any CPU
		{A9D401A8-DD6C-42DF-B12D-C380B3098B88}.Debug|Any CPU.Build.0 = Debug|Any CPU
		{A9D401A8-DD6C-42DF-B12D-C380B3098B88}.Release|Any CPU.ActiveCfg = Release|Any CPU
		{A9D401A8-DD6C-42DF-B12D-C380B3098B88}.Release|Any CPU.Build.0 = Release|Any CPU
		{08B55605-E2AD-43B6-A5ED-4E7A36DF8558}.Debug|Any CPU.ActiveCfg = Debug|Any CPU
		{08B55605-E2AD-43B6-A5ED-4E7A36DF8558}.Debug|Any CPU.Build.0 = Debug|Any CPU
		{08B55605-E2AD-43B6-A5ED-4E7A36DF8558}.Release|Any CPU.ActiveCfg = Release|Any CPU
		{08B55605-E2AD-43B6-A5ED-4E7A36DF8558}.Release|Any CPU.Build.0 = Release|Any CPU
		{449E81E4-CF3B-43DE-9B52-807F81DEAFB7}.Debug|Any CPU.ActiveCfg = Debug|Any CPU
		{449E81E4-CF3B-43DE-9B52-807F81DEAFB7}.Debug|Any CPU.Build.0 = Debug|Any CPU
		{449E81E4-CF3B-43DE-9B52-807F81DEAFB7}.Release|Any CPU.ActiveCfg = Release|Any CPU
		{449E81E4-CF3B-43DE-9B52-807F81DEAFB7}.Release|Any CPU.Build.0 = Release|Any CPU
	EndGlobalSection
	GlobalSection(SolutionProperties) = preSolution
		HideSolutionNode = FALSE
	EndGlobalSection
	GlobalSection(NestedProjects) = preSolution
		{21D7CB85-9B60-4BFC-B825-A9760AA0B44C} = {179AC572-9B6E-414B-ABEA-90E1E72FBB24}
		{F9F4F888-84AE-4D6E-B7D4-D05291B79782} = {0700447D-8447-4D14-B905-6DE99604B447}
		{154D3905-558D-49A0-A3F9-469FF4CBD0F1} = {7DA7AC88-B3D1-456B-A587-66F83A3701D3}
		{30A807C2-681D-40F9-842A-263E5E813BE5} = {154D3905-558D-49A0-A3F9-469FF4CBD0F1}
		{471F4E3A-8A7A-4D53-B2A4-570822FDACEE} = {154D3905-558D-49A0-A3F9-469FF4CBD0F1}
		{C53DC029-44ED-42E3-9906-38AB43C6C429} = {154D3905-558D-49A0-A3F9-469FF4CBD0F1}
		{C42F2E76-EA44-44DE-A10D-A4443FC837B9} = {154D3905-558D-49A0-A3F9-469FF4CBD0F1}
		{2711239A-11C5-4C30-B60F-BF8369C02F70} = {7DA7AC88-B3D1-456B-A587-66F83A3701D3}
		{581F6390-2E3A-4749-A8E6-2E85B6901D47} = {2711239A-11C5-4C30-B60F-BF8369C02F70}
		{FA12699A-266E-4214-8EC2-7A5FDAFB55E3} = {2711239A-11C5-4C30-B60F-BF8369C02F70}
		{42D67394-48B4-4E3D-8F10-F4A42915106C} = {7DA7AC88-B3D1-456B-A587-66F83A3701D3}
		{29EE788A-7C5B-45E0-B556-F4C929EEF70D} = {42D67394-48B4-4E3D-8F10-F4A42915106C}
		{EB50B9BA-6EC2-4610-A7F9-2E20C4D9F34E} = {42D67394-48B4-4E3D-8F10-F4A42915106C}
		{E572BB72-B2B6-43D2-ADCB-3235ED9C12C9} = {42D67394-48B4-4E3D-8F10-F4A42915106C}
		{8F66955C-0FBF-42FF-8297-FDDA39E1544F} = {42D67394-48B4-4E3D-8F10-F4A42915106C}
		{A9D401A8-DD6C-42DF-B12D-C380B3098B88} = {42D67394-48B4-4E3D-8F10-F4A42915106C}
		{AD6362B3-A542-4203-A3BC-F706D6D689AF} = {7DA7AC88-B3D1-456B-A587-66F83A3701D3}
		{08B55605-E2AD-43B6-A5ED-4E7A36DF8558} = {AD6362B3-A542-4203-A3BC-F706D6D689AF}
		{449E81E4-CF3B-43DE-9B52-807F81DEAFB7} = {AD6362B3-A542-4203-A3BC-F706D6D689AF}
	EndGlobalSection
	GlobalSection(ExtensibilityGlobals) = postSolution
		SolutionGuid = {FC2FFB6E-0CAB-498C-8ED1-16B5DE435878}
	EndGlobalSection
EndGlobal
